// !$*UTF8*$!
{
	archiveVersion = 1;
	classes = {
	};
	objectVersion = 46;
	objects = {

/* Begin PBXBuildFile section */
		244B4C491E52A13D00626712 /* AppDelegate.swift in Sources */ = {isa = PBXBuildFile; fileRef = 244B4C481E52A13D00626712 /* AppDelegate.swift */; };
		244B4C4B1E52A13D00626712 /* ViewController.swift in Sources */ = {isa = PBXBuildFile; fileRef = 244B4C4A1E52A13D00626712 /* ViewController.swift */; };
		244B4C4E1E52A13D00626712 /* Main.storyboard in Resources */ = {isa = PBXBuildFile; fileRef = 244B4C4C1E52A13D00626712 /* Main.storyboard */; };
		244B4C511E52A13D00626712 /* KolekcjaKsiazek.xcdatamodeld in Sources */ = {isa = PBXBuildFile; fileRef = 244B4C4F1E52A13D00626712 /* KolekcjaKsiazek.xcdatamodeld */; };
		244B4C531E52A13D00626712 /* Assets.xcassets in Resources */ = {isa = PBXBuildFile; fileRef = 244B4C521E52A13D00626712 /* Assets.xcassets */; };
		244B4C561E52A13D00626712 /* LaunchScreen.storyboard in Resources */ = {isa = PBXBuildFile; fileRef = 244B4C541E52A13D00626712 /* LaunchScreen.storyboard */; };
		244B4C5E1E52A4EA00626712 /* foka.jpg in Resources */ = {isa = PBXBuildFile; fileRef = 244B4C5D1E52A4EA00626712 /* foka.jpg */; };
		244B4C601E52A5F800626712 /* KsiazkaViewController.swift in Sources */ = {isa = PBXBuildFile; fileRef = 244B4C5F1E52A5F800626712 /* KsiazkaViewController.swift */; };
/* End PBXBuildFile section */

/* Begin PBXFileReference section */
		244B4C451E52A13D00626712 /* KolekcjaKsiazek.app */ = {isa = PBXFileReference; explicitFileType = wrapper.application; includeInIndex = 0; path = KolekcjaKsiazek.app; sourceTree = BUILT_PRODUCTS_DIR; };
		244B4C481E52A13D00626712 /* AppDelegate.swift */ = {isa = PBXFileReference; lastKnownFileType = sourcecode.swift; path = AppDelegate.swift; sourceTree = "<group>"; };
		244B4C4A1E52A13D00626712 /* ViewController.swift */ = {isa = PBXFileReference; lastKnownFileType = sourcecode.swift; path = ViewController.swift; sourceTree = "<group>"; };
		244B4C4D1E52A13D00626712 /* Base */ = {isa = PBXFileReference; lastKnownFileType = file.storyboard; name = Base; path = Base.lproj/Main.storyboard; sourceTree = "<group>"; };
		244B4C501E52A13D00626712 /* KolekcjaKsiazek.xcdatamodel */ = {isa = PBXFileReference; lastKnownFileType = wrapper.xcdatamodel; path = KolekcjaKsiazek.xcdatamodel; sourceTree = "<group>"; };
		244B4C521E52A13D00626712 /* Assets.xcassets */ = {isa = PBXFileReference; lastKnownFileType = folder.assetcatalog; path = Assets.xcassets; sourceTree = "<group>"; };
		244B4C551E52A13D00626712 /* Base */ = {isa = PBXFileReference; lastKnownFileType = file.storyboard; name = Base; path = Base.lproj/LaunchScreen.storyboard; sourceTree = "<group>"; };
		244B4C571E52A13D00626712 /* Info.plist */ = {isa = PBXFileReference; lastKnownFileType = text.plist.xml; path = Info.plist; sourceTree = "<group>"; };
		244B4C5D1E52A4EA00626712 /* foka.jpg */ = {isa = PBXFileReference; lastKnownFileType = image.jpeg; path = foka.jpg; sourceTree = "<group>"; };
		244B4C5F1E52A5F800626712 /* KsiazkaViewController.swift */ = {isa = PBXFileReference; fileEncoding = 4; lastKnownFileType = sourcecode.swift; path = KsiazkaViewController.swift; sourceTree = "<group>"; };
/* End PBXFileReference section */

/* Begin PBXFrameworksBuildPhase section */
		244B4C421E52A13D00626712 /* Frameworks */ = {
			isa = PBXFrameworksBuildPhase;
			buildActionMask = 2147483647;
			files = (
			);
			runOnlyForDeploymentPostprocessing = 0;
		};
/* End PBXFrameworksBuildPhase section */

/* Begin PBXGroup section */
		244B4C3C1E52A13D00626712 = {
			isa = PBXGroup;
			children = (
				244B4C471E52A13D00626712 /* KolekcjaKsiazek */,
				244B4C461E52A13D00626712 /* Products */,
			);
			sourceTree = "<group>";
		};
		244B4C461E52A13D00626712 /* Products */ = {
			isa = PBXGroup;
			children = (
				244B4C451E52A13D00626712 /* KolekcjaKsiazek.app */,
			);
			name = Products;
			sourceTree = "<group>";
		};
		244B4C471E52A13D00626712 /* KolekcjaKsiazek */ = {
			isa = PBXGroup;
			children = (
				244B4C5D1E52A4EA00626712 /* foka.jpg */,
				244B4C481E52A13D00626712 /* AppDelegate.swift */,
				244B4C4A1E52A13D00626712 /* ViewController.swift */,
				244B4C5F1E52A5F800626712 /* KsiazkaViewController.swift */,
				244B4C4C1E52A13D00626712 /* Main.storyboard */,
				244B4C521E52A13D00626712 /* Assets.xcassets */,
				244B4C541E52A13D00626712 /* LaunchScreen.storyboard */,
				244B4C571E52A13D00626712 /* Info.plist */,
				244B4C4F1E52A13D00626712 /* KolekcjaKsiazek.xcdatamodeld */,
			);
			path = KolekcjaKsiazek;
			sourceTree = "<group>";
		};
/* End PBXGroup section */

/* Begin PBXNativeTarget section */
		244B4C441E52A13D00626712 /* KolekcjaKsiazek */ = {
			isa = PBXNativeTarget;
			buildConfigurationList = 244B4C5A1E52A13D00626712 /* Build configuration list for PBXNativeTarget "KolekcjaKsiazek" */;
			buildPhases = (
				244B4C411E52A13D00626712 /* Sources */,
				244B4C421E52A13D00626712 /* Frameworks */,
				244B4C431E52A13D00626712 /* Resources */,
			);
			buildRules = (
			);
			dependencies = (
			);
			name = KolekcjaKsiazek;
			productName = KolekcjaKsiazek;
			productReference = 244B4C451E52A13D00626712 /* KolekcjaKsiazek.app */;
			productType = "com.apple.product-type.application";
		};
/* End PBXNativeTarget section */

/* Begin PBXProject section */
		244B4C3D1E52A13D00626712 /* Project object */ = {
			isa = PBXProject;
			attributes = {
				LastSwiftUpdateCheck = 0820;
				LastUpgradeCheck = 0820;
				ORGANIZATIONNAME = "Janusz Pietkun";
				TargetAttributes = {
					244B4C441E52A13D00626712 = {
						CreatedOnToolsVersion = 8.2.1;
						DevelopmentTeam = CZF3CZX5NV;
						ProvisioningStyle = Automatic;
					};
				};
			};
			buildConfigurationList = 244B4C401E52A13D00626712 /* Build configuration list for PBXProject "KolekcjaKsiazek" */;
			compatibilityVersion = "Xcode 3.2";
			developmentRegion = English;
			hasScannedForEncodings = 0;
			knownRegions = (
				en,
				Base,
			);
			mainGroup = 244B4C3C1E52A13D00626712;
			productRefGroup = 244B4C461E52A13D00626712 /* Products */;
			projectDirPath = "";
			projectRoot = "";
			targets = (
				244B4C441E52A13D00626712 /* KolekcjaKsiazek */,
			);
		};
/* End PBXProject section */

/* Begin PBXResourcesBuildPhase section */
		244B4C431E52A13D00626712 /* Resources */ = {
			isa = PBXResourcesBuildPhase;
			buildActionMask = 2147483647;
			files = (
				244B4C561E52A13D00626712 /* LaunchScreen.storyboard in Resources */,
				244B4C531E52A13D00626712 /* Assets.xcassets in Resources */,
				244B4C5E1E52A4EA00626712 /* foka.jpg in Resources */,
				244B4C4E1E52A13D00626712 /* Main.storyboard in Resources */,
			);
			runOnlyForDeploymentPostprocessing = 0;
		};
/* End PBXResourcesBuildPhase section */

/* Begin PBXSourcesBuildPhase section */
		244B4C411E52A13D00626712 /* Sources */ = {
			isa = PBXSourcesBuildPhase;
			buildActionMask = 2147483647;
			files = (
				244B4C4B1E52A13D00626712 /* ViewController.swift in Sources */,
				244B4C491E52A13D00626712 /* AppDelegate.swift in Sources */,
				244B4C511E52A13D00626712 /* KolekcjaKsiazek.xcdatamodeld in Sources */,
				244B4C601E52A5F800626712 /* KsiazkaViewController.swift in Sources */,
			);
			runOnlyForDeploymentPostprocessing = 0;
		};
/* End PBXSourcesBuildPhase section */

/* Begin PBXVariantGroup section */
		244B4C4C1E52A13D00626712 /* Main.storyboard */ = {
			isa = PBXVariantGroup;
			children = (
				244B4C4D1E52A13D00626712 /* Base */,
			);
			name = Main.storyboard;
			sourceTree = "<group>";
		};
		244B4C541E52A13D00626712 /* LaunchScreen.storyboard */ = {
			isa = PBXVariantGroup;
			children = (
				244B4C551E52A13D00626712 /* Base */,
			);
			name = LaunchScreen.storyboard;
			sourceTree = "<group>";
		};
/* End PBXVariantGroup section */

/* Begin XCBuildConfiguration section */
		244B4C581E52A13D00626712 /* Debug */ = {
			isa = XCBuildConfiguration;
			buildSettings = {
				ALWAYS_SEARCH_USER_PATHS = NO;
				CLANG_ANALYZER_NONNULL = YES;
				CLANG_CXX_LANGUAGE_STANDARD = "gnu++0x";
				CLANG_CXX_LIBRARY = "libc++";
				CLANG_ENABLE_MODULES = YES;
				CLANG_ENABLE_OBJC_ARC = YES;
				CLANG_WARN_BOOL_CONVERSION = YES;
				CLANG_WARN_CONSTANT_CONVERSION = YES;
				CLANG_WARN_DIRECT_OBJC_ISA_USAGE = YES_ERROR;
				CLANG_WARN_DOCUMENTATION_COMMENTS = YES;
				CLANG_WARN_EMPTY_BODY = YES;
				CLANG_WARN_ENUM_CONVERSION = YES;
				CLANG_WARN_INFINITE_RECURSION = YES;
				CLANG_WARN_INT_CONVERSION = YES;
				CLANG_WARN_OBJC_ROOT_CLASS = YES_ERROR;
				CLANG_WARN_SUSPICIOUS_MOVE = YES;
				CLANG_WARN_UNREACHABLE_CODE = YES;
				CLANG_WARN__DUPLICATE_METHOD_MATCH = YES;
				"CODE_SIGN_IDENTITY[sdk=iphoneos*]" = "iPhone Developer";
				COPY_PHASE_STRIP = NO;
				DEBUG_INFORMATION_FORMAT = dwarf;
				ENABLE_STRICT_OBJC_MSGSEND = YES;
				ENABLE_TESTABILITY = YES;
				GCC_C_LANGUAGE_STANDARD = gnu99;
				GCC_DYNAMIC_NO_PIC = NO;
				GCC_NO_COMMON_BLOCKS = YES;
				GCC_OPTIMIZATION_LEVEL = 0;
				GCC_PREPROCESSOR_DEFINITIONS = (
					"DEBUG=1",
					"$(inherited)",
				);
				GCC_WARN_64_TO_32_BIT_CONVERSION = YES;
				GCC_WARN_ABOUT_RETURN_TYPE = YES_ERROR;
				GCC_WARN_UNDECLARED_SELECTOR = YES;
				GCC_WARN_UNINITIALIZED_AUTOS = YES_AGGRESSIVE;
				GCC_WARN_UNUSED_FUNCTION = YES;
				GCC_WARN_UNUSED_VARIABLE = YES;
				IPHONEOS_DEPLOYMENT_TARGET = 10.2;
				MTL_ENABLE_DEBUG_INFO = YES;
				ONLY_ACTIVE_ARCH = YES;
				SDKROOT = iphoneos;
				SWIFT_ACTIVE_COMPILATION_CONDITIONS = DEBUG;
				SWIFT_OPTIMIZATION_LEVEL = "-Onone";
				TARGETED_DEVICE_FAMILY = "1,2";
			};
			name = Debug;
		};
		244B4C591E52A13D00626712 /* Release */ = {
			isa = XCBuildConfiguration;
			buildSettings = {
				ALWAYS_SEARCH_USER_PATHS = NO;
				CLANG_ANALYZER_NONNULL = YES;
				CLANG_CXX_LANGUAGE_STANDARD = "gnu++0x";
				CLANG_CXX_LIBRARY = "libc++";
				CLANG_ENABLE_MODULES = YES;
				CLANG_ENABLE_OBJC_ARC = YES;
				CLANG_WARN_BOOL_CONVERSION = YES;
				CLANG_WARN_CONSTANT_CONVERSION = YES;
				CLANG_WARN_DIRECT_OBJC_ISA_USAGE = YES_ERROR;
				CLANG_WARN_DOCUMENTATION_COMMENTS = YES;
				CLANG_WARN_EMPTY_BODY = YES;
				CLANG_WARN_ENUM_CONVERSION = YES;
				CLANG_WARN_INFINITE_RECURSION = YES;
				CLANG_WARN_INT_CONVERSION = YES;
				CLANG_WARN_OBJC_ROOT_CLASS = YES_ERROR;
				CLANG_WARN_SUSPICIOUS_MOVE = YES;
				CLANG_WARN_UNREACHABLE_CODE = YES;
				CLANG_WARN__DUPLICATE_METHOD_MATCH = YES;
				"CODE_SIGN_IDENTITY[sdk=iphoneos*]" = "iPhone Developer";
				COPY_PHASE_STRIP = NO;
				DEBUG_INFORMATION_FORMAT = "dwarf-with-dsym";
				ENABLE_NS_ASSERTIONS = NO;
				ENABLE_STRICT_OBJC_MSGSEND = YES;
				GCC_C_LANGUAGE_STANDARD = gnu99;
				GCC_NO_COMMON_BLOCKS = YES;
				GCC_WARN_64_TO_32_BIT_CONVERSION = YES;
				GCC_WARN_ABOUT_RETURN_TYPE = YES_ERROR;
				GCC_WARN_UNDECLARED_SELECTOR = YES;
				GCC_WARN_UNINITIALIZED_AUTOS = YES_AGGRESSIVE;
				GCC_WARN_UNUSED_FUNCTION = YES;
				GCC_WARN_UNUSED_VARIABLE = YES;
				IPHONEOS_DEPLOYMENT_TARGET = 10.2;
				MTL_ENABLE_DEBUG_INFO = NO;
				SDKROOT = iphoneos;
				SWIFT_OPTIMIZATION_LEVEL = "-Owholemodule";
				TARGETED_DEVICE_FAMILY = "1,2";
				VALIDATE_PRODUCT = YES;
			};
			name = Release;
		};
		244B4C5B1E52A13D00626712 /* Debug */ = {
			isa = XCBuildConfiguration;
			buildSettings = {
				ASSETCATALOG_COMPILER_APPICON_NAME = AppIcon;
				DEVELOPMENT_TEAM = CZF3CZX5NV;
				INFOPLIST_FILE = KolekcjaKsiazek/Info.plist;
				LD_RUNPATH_SEARCH_PATHS = "$(inherited) @executable_path/Frameworks";
				PRODUCT_BUNDLE_IDENTIFIER = test.KolekcjaKsiazek;
				PRODUCT_NAME = "$(TARGET_NAME)";
				SWIFT_VERSION = 3.0;
			};
			name = Debug;
		};
		244B4C5C1E52A13D00626712 /* Release */ = {
			isa = XCBuildConfiguration;
			buildSettings = {
				ASSETCATALOG_COMPILER_APPICON_NAME = AppIcon;
				DEVELOPMENT_TEAM = CZF3CZX5NV;
				INFOPLIST_FILE = KolekcjaKsiazek/Info.plist;
				LD_RUNPATH_SEARCH_PATHS = "$(inherited) @executable_path/Frameworks";
				PRODUCT_BUNDLE_IDENTIFIER = test.KolekcjaKsiazek;
				PRODUCT_NAME = "$(TARGET_NAME)";
				SWIFT_VERSION = 3.0;
			};
			name = Release;
		};
/* End XCBuildConfiguration section */

/* Begin XCConfigurationList section */
		244B4C401E52A13D00626712 /* Build configuration list for PBXProject "KolekcjaKsiazek" */ = {
			isa = XCConfigurationList;
			buildConfigurations = (
				244B4C581E52A13D00626712 /* Debug */,
				244B4C591E52A13D00626712 /* Release */,
			);
			defaultConfigurationIsVisible = 0;
			defaultConfigurationName = Release;
		};
		244B4C5A1E52A13D00626712 /* Build configuration list for PBXNativeTarget "KolekcjaKsiazek" */ = {
			isa = XCConfigurationList;
			buildConfigurations = (
				244B4C5B1E52A13D00626712 /* Debug */,
				244B4C5C1E52A13D00626712 /* Release */,
			);
			defaultConfigurationIsVisible = 0;
		};
/* End XCConfigurationList section */

/* Begin XCVersionGroup section */
		244B4C4F1E52A13D00626712 /* KolekcjaKsiazek.xcdatamodeld */ = {
			isa = XCVersionGroup;
			children = (
				244B4C501E52A13D00626712 /* KolekcjaKsiazek.xcdatamodel */,
			);
			currentVersion = 244B4C501E52A13D00626712 /* KolekcjaKsiazek.xcdatamodel */;
			path = KolekcjaKsiazek.xcdatamodeld;
			sourceTree = "<group>";
			versionGroupType = wrapper.xcdatamodel;
		};
/* End XCVersionGroup section */
	};
	rootObject = 244B4C3D1E52A13D00626712 /* Project object */;
}
